
Microsoft Visual Studio Solution File, Format Version 12.00
# Visual Studio Version 17
VisualStudioVersion = 17.0.32014.148
MinimumVisualStudioVersion = 10.0.40219.1
Project("{FAE04EC0-301F-11D3-BF4B-00C04F79EFBC}") = "veriler", "veriler\veriler.csproj", "{FD8CE422-6B73-42B4-B2DD-0FD513AE161F}"
EndProject
Global
	GlobalSection(SolutionConfigurationPlatforms) = preSolution
		Debug|Any CPU = Debug|Any CPU
		Release|Any CPU = Release|Any CPU
	EndGlobalSection
	GlobalSection(ProjectConfigurationPlatforms) = postSolution
		{FD8CE422-6B73-42B4-B2DD-0FD513AE161F}.Debug|Any CPU.ActiveCfg = Debug|Any CPU
		{FD8CE422-6B73-42B4-B2DD-0FD513AE161F}.Debug|Any CPU.Build.0 = Debug|Any CPU
		{FD8CE422-6B73-42B4-B2DD-0FD513AE161F}.Release|Any CPU.ActiveCfg = Release|Any CPU
		{FD8CE422-6B73-42B4-B2DD-0FD513AE161F}.Release|Any CPU.Build.0 = Release|Any CPU
	EndGlobalSection
	GlobalSection(SolutionProperties) = preSolution
		HideSolutionNode = FALSE
	EndGlobalSection
	GlobalSection(ExtensibilityGlobals) = postSolution
		SolutionGuid = {0AD02691-924B-4783-87C2-71BE8196DBC0}
	EndGlobalSection
EndGlobal
